
Microsoft Visual Studio Solution File, Format Version 12.00
# Visual Studio Version 16
VisualStudioVersion = 16.0.30002.166
MinimumVisualStudioVersion = 10.0.40219.1
Project("{8BC9CEB8-8B4A-11D0-8D11-00A0C91BC942}") = "ACC-tema3", "ACC-tema3\ACC-tema3.vcxproj", "{EEE0BFE5-C284-489D-8728-FDB77958A150}"
EndProject
Global
	GlobalSection(SolutionConfigurationPlatforms) = preSolution
		Debug|x64 = Debug|x64
		Debug|x86 = Debug|x86
		Release|x64 = Release|x64
		Release|x86 = Release|x86
	EndGlobalSection
	GlobalSection(ProjectConfigurationPlatforms) = postSolution
		{EEE0BFE5-C284-489D-8728-FDB77958A150}.Debug|x64.ActiveCfg = Debug|x64
		{EEE0BFE5-C284-489D-8728-FDB77958A150}.Debug|x64.Build.0 = Debug|x64
		{EEE0BFE5-C284-489D-8728-FDB77958A150}.Debug|x86.ActiveCfg = Debug|Win32
		{EEE0BFE5-C284-489D-8728-FDB77958A150}.Debug|x86.Build.0 = Debug|Win32
		{EEE0BFE5-C284-489D-8728-FDB77958A150}.Release|x64.ActiveCfg = Release|x64
		{EEE0BFE5-C284-489D-8728-FDB77958A150}.Release|x64.Build.0 = Release|x64
		{EEE0BFE5-C284-489D-8728-FDB77958A150}.Release|x86.ActiveCfg = Release|Win32
		{EEE0BFE5-C284-489D-8728-FDB77958A150}.Release|x86.Build.0 = Release|Win32
	EndGlobalSection
	GlobalSection(SolutionProperties) = preSolution
		HideSolutionNode = FALSE
	EndGlobalSection
	GlobalSection(ExtensibilityGlobals) = postSolution
		SolutionGuid = {A9FE20CB-98D8-4208-A9EA-185BCE538D3A}
	EndGlobalSection
EndGlobal
